
Microsoft Visual Studio Solution File, Format Version 12.00
# Visual Studio Version 17
VisualStudioVersion = 17.2.32516.85
MinimumVisualStudioVersion = 10.0.40219.1
Project("{FAE04EC0-301F-11D3-BF4B-00C04F79EFBC}") = "!W", "!W\!W.csproj", "{4AD53214-26B4-4ACB-837D-F9B8590A14CA}"
EndProject
Global
	GlobalSection(SolutionConfigurationPlatforms) = preSolution
		Debug|Any CPU = Debug|Any CPU
		Release|Any CPU = Release|Any CPU
	EndGlobalSection
	GlobalSection(ProjectConfigurationPlatforms) = postSolution
		{4AD53214-26B4-4ACB-837D-F9B8590A14CA}.Debug|Any CPU.ActiveCfg = Debug|Any CPU
		{4AD53214-26B4-4ACB-837D-F9B8590A14CA}.Debug|Any CPU.Build.0 = Debug|Any CPU
		{4AD53214-26B4-4ACB-837D-F9B8590A14CA}.Release|Any CPU.ActiveCfg = Release|Any CPU
		{4AD53214-26B4-4ACB-837D-F9B8590A14CA}.Release|Any CPU.Build.0 = Release|Any CPU
	EndGlobalSection
	GlobalSection(SolutionProperties) = preSolution
		HideSolutionNode = FALSE
	EndGlobalSection
	GlobalSection(ExtensibilityGlobals) = postSolution
		SolutionGuid = {D9820CA6-9689-42B3-8A85-C83BEFD88177}
	EndGlobalSection
EndGlobal
